// !$*UTF8*$!
{
	archiveVersion = 1;
	classes = {
	};
	objectVersion = 51;
	objects = {

/* Begin PBXBuildFile section */
		32B07AA380C16EA909D6A513 /* Pods_PhotoBucketLab.framework in Frameworks */ = {isa = PBXBuildFile; fileRef = A58C81BF4B0B12C1F0D248E6 /* Pods_PhotoBucketLab.framework */; };
		E41778A325B1E29A004B3FD3 /* LoginViewController.swift in Sources */ = {isa = PBXBuildFile; fileRef = E41778A225B1E29A004B3FD3 /* LoginViewController.swift */; };
		E494E9A225C1B3B8004DD607 /* SideNavViewController.swift in Sources */ = {isa = PBXBuildFile; fileRef = E494E9A125C1B3B8004DD607 /* SideNavViewController.swift */; };
		E494E9A525C1B975004DD607 /* ProfilePageViewController.swift in Sources */ = {isa = PBXBuildFile; fileRef = E494E9A425C1B975004DD607 /* ProfilePageViewController.swift */; };
		E494E9A825C1BBBB004DD607 /* Constants.swift in Sources */ = {isa = PBXBuildFile; fileRef = E494E9A725C1BBBB004DD607 /* Constants.swift */; };
		E494E9AB25C1BCDF004DD607 /* UserManager.swift in Sources */ = {isa = PBXBuildFile; fileRef = E494E9AA25C1BCDF004DD607 /* UserManager.swift */; };
		E497C7FC25AD914700654C26 /* AppDelegate.swift in Sources */ = {isa = PBXBuildFile; fileRef = E497C7FB25AD914700654C26 /* AppDelegate.swift */; };
		E497C7FE25AD914700654C26 /* SceneDelegate.swift in Sources */ = {isa = PBXBuildFile; fileRef = E497C7FD25AD914700654C26 /* SceneDelegate.swift */; };
		E497C80325AD914700654C26 /* Main.storyboard in Resources */ = {isa = PBXBuildFile; fileRef = E497C80125AD914700654C26 /* Main.storyboard */; };
		E497C80525AD914800654C26 /* Assets.xcassets in Resources */ = {isa = PBXBuildFile; fileRef = E497C80425AD914800654C26 /* Assets.xcassets */; };
		E497C80825AD914800654C26 /* LaunchScreen.storyboard in Resources */ = {isa = PBXBuildFile; fileRef = E497C80625AD914800654C26 /* LaunchScreen.storyboard */; };
		E497C81225AD927900654C26 /* PhotoBucketTableViewController.swift in Sources */ = {isa = PBXBuildFile; fileRef = E497C81125AD927900654C26 /* PhotoBucketTableViewController.swift */; };
		E497C81625AD97FB00654C26 /* Photo.swift in Sources */ = {isa = PBXBuildFile; fileRef = E497C81525AD97FB00654C26 /* Photo.swift */; };
		E497C81925AD99DF00654C26 /* PhotoBucketDetailViewController.swift in Sources */ = {isa = PBXBuildFile; fileRef = E497C81825AD99DF00654C26 /* PhotoBucketDetailViewController.swift */; };
		E497C81D25ADA31600654C26 /* GoogleService-Info.plist in Resources */ = {isa = PBXBuildFile; fileRef = E497C81C25ADA31600654C26 /* GoogleService-Info.plist */; };
/* End PBXBuildFile section */

/* Begin PBXFileReference section */
		A58C81BF4B0B12C1F0D248E6 /* Pods_PhotoBucketLab.framework */ = {isa = PBXFileReference; explicitFileType = wrapper.framework; includeInIndex = 0; path = Pods_PhotoBucketLab.framework; sourceTree = BUILT_PRODUCTS_DIR; };
		ADD09EF5C3BFE1E0DB840781 /* Pods-PhotoBucketLab.debug.xcconfig */ = {isa = PBXFileReference; includeInIndex = 1; lastKnownFileType = text.xcconfig; name = "Pods-PhotoBucketLab.debug.xcconfig"; path = "Target Support Files/Pods-PhotoBucketLab/Pods-PhotoBucketLab.debug.xcconfig"; sourceTree = "<group>"; };
		BFB26175F268D5C5753BB6C5 /* Pods-PhotoBucketLab.release.xcconfig */ = {isa = PBXFileReference; includeInIndex = 1; lastKnownFileType = text.xcconfig; name = "Pods-PhotoBucketLab.release.xcconfig"; path = "Target Support Files/Pods-PhotoBucketLab/Pods-PhotoBucketLab.release.xcconfig"; sourceTree = "<group>"; };
		E41778A225B1E29A004B3FD3 /* LoginViewController.swift */ = {isa = PBXFileReference; lastKnownFileType = sourcecode.swift; path = LoginViewController.swift; sourceTree = "<group>"; };
		E494E9A125C1B3B8004DD607 /* SideNavViewController.swift */ = {isa = PBXFileReference; lastKnownFileType = sourcecode.swift; path = SideNavViewController.swift; sourceTree = "<group>"; };
		E494E9A425C1B975004DD607 /* ProfilePageViewController.swift */ = {isa = PBXFileReference; lastKnownFileType = sourcecode.swift; path = ProfilePageViewController.swift; sourceTree = "<group>"; };
		E494E9A725C1BBBB004DD607 /* Constants.swift */ = {isa = PBXFileReference; lastKnownFileType = sourcecode.swift; path = Constants.swift; sourceTree = "<group>"; };
		E494E9AA25C1BCDF004DD607 /* UserManager.swift */ = {isa = PBXFileReference; lastKnownFileType = sourcecode.swift; path = UserManager.swift; sourceTree = "<group>"; };
		E497C7F825AD914700654C26 /* PhotoBucketLab.app */ = {isa = PBXFileReference; explicitFileType = wrapper.application; includeInIndex = 0; path = PhotoBucketLab.app; sourceTree = BUILT_PRODUCTS_DIR; };
		E497C7FB25AD914700654C26 /* AppDelegate.swift */ = {isa = PBXFileReference; lastKnownFileType = sourcecode.swift; path = AppDelegate.swift; sourceTree = "<group>"; };
		E497C7FD25AD914700654C26 /* SceneDelegate.swift */ = {isa = PBXFileReference; lastKnownFileType = sourcecode.swift; path = SceneDelegate.swift; sourceTree = "<group>"; };
		E497C80225AD914700654C26 /* Base */ = {isa = PBXFileReference; lastKnownFileType = file.storyboard; name = Base; path = Base.lproj/Main.storyboard; sourceTree = "<group>"; };
		E497C80425AD914800654C26 /* Assets.xcassets */ = {isa = PBXFileReference; lastKnownFileType = folder.assetcatalog; path = Assets.xcassets; sourceTree = "<group>"; };
		E497C80725AD914800654C26 /* Base */ = {isa = PBXFileReference; lastKnownFileType = file.storyboard; name = Base; path = Base.lproj/LaunchScreen.storyboard; sourceTree = "<group>"; };
		E497C80925AD914800654C26 /* Info.plist */ = {isa = PBXFileReference; lastKnownFileType = text.plist.xml; path = Info.plist; sourceTree = "<group>"; };
		E497C81125AD927900654C26 /* PhotoBucketTableViewController.swift */ = {isa = PBXFileReference; lastKnownFileType = sourcecode.swift; path = PhotoBucketTableViewController.swift; sourceTree = "<group>"; };
		E497C81525AD97FB00654C26 /* Photo.swift */ = {isa = PBXFileReference; lastKnownFileType = sourcecode.swift; path = Photo.swift; sourceTree = "<group>"; };
		E497C81825AD99DF00654C26 /* PhotoBucketDetailViewController.swift */ = {isa = PBXFileReference; lastKnownFileType = sourcecode.swift; path = PhotoBucketDetailViewController.swift; sourceTree = "<group>"; };
		E497C81C25ADA31600654C26 /* GoogleService-Info.plist */ = {isa = PBXFileReference; fileEncoding = 4; lastKnownFileType = text.plist.xml; path = "GoogleService-Info.plist"; sourceTree = "<group>"; };
/* End PBXFileReference section */

/* Begin PBXFrameworksBuildPhase section */
		E497C7F525AD914700654C26 /* Frameworks */ = {
			isa = PBXFrameworksBuildPhase;
			buildActionMask = 2147483647;
			files = (
				32B07AA380C16EA909D6A513 /* Pods_PhotoBucketLab.framework in Frameworks */,
			);
			runOnlyForDeploymentPostprocessing = 0;
		};
/* End PBXFrameworksBuildPhase section */

/* Begin PBXGroup section */
		06437B3AF42D1658F605FD62 /* Frameworks */ = {
			isa = PBXGroup;
			children = (
				A58C81BF4B0B12C1F0D248E6 /* Pods_PhotoBucketLab.framework */,
			);
			name = Frameworks;
			sourceTree = "<group>";
		};
		84BC89BD4AAB758B56357D66 /* Pods */ = {
			isa = PBXGroup;
			children = (
				ADD09EF5C3BFE1E0DB840781 /* Pods-PhotoBucketLab.debug.xcconfig */,
				BFB26175F268D5C5753BB6C5 /* Pods-PhotoBucketLab.release.xcconfig */,
			);
			path = Pods;
			sourceTree = "<group>";
		};
		E497C7EF25AD914700654C26 = {
			isa = PBXGroup;
			children = (
				E497C7FA25AD914700654C26 /* PhotoBucketLab */,
				E497C7F925AD914700654C26 /* Products */,
				84BC89BD4AAB758B56357D66 /* Pods */,
				06437B3AF42D1658F605FD62 /* Frameworks */,
			);
			sourceTree = "<group>";
		};
		E497C7F925AD914700654C26 /* Products */ = {
			isa = PBXGroup;
			children = (
				E497C7F825AD914700654C26 /* PhotoBucketLab.app */,
			);
			name = Products;
			sourceTree = "<group>";
		};
		E497C7FA25AD914700654C26 /* PhotoBucketLab */ = {
			isa = PBXGroup;
			children = (
				E497C7FB25AD914700654C26 /* AppDelegate.swift */,
				E497C7FD25AD914700654C26 /* SceneDelegate.swift */,
				E497C81125AD927900654C26 /* PhotoBucketTableViewController.swift */,
				E497C81825AD99DF00654C26 /* PhotoBucketDetailViewController.swift */,
				E41778A225B1E29A004B3FD3 /* LoginViewController.swift */,
				E497C81525AD97FB00654C26 /* Photo.swift */,
				E497C80125AD914700654C26 /* Main.storyboard */,
				E497C80425AD914800654C26 /* Assets.xcassets */,
				E497C80625AD914800654C26 /* LaunchScreen.storyboard */,
				E497C80925AD914800654C26 /* Info.plist */,
				E497C81C25ADA31600654C26 /* GoogleService-Info.plist */,
				E494E9A125C1B3B8004DD607 /* SideNavViewController.swift */,
				E494E9A425C1B975004DD607 /* ProfilePageViewController.swift */,
				E494E9A725C1BBBB004DD607 /* Constants.swift */,
				E494E9AA25C1BCDF004DD607 /* UserManager.swift */,
			);
			path = PhotoBucketLab;
			sourceTree = "<group>";
		};
/* End PBXGroup section */

/* Begin PBXNativeTarget section */
		E497C7F725AD914700654C26 /* PhotoBucketLab */ = {
			isa = PBXNativeTarget;
			buildConfigurationList = E497C80C25AD914800654C26 /* Build configuration list for PBXNativeTarget "PhotoBucketLab" */;
			buildPhases = (
				BBCFEB5B8B69C8A0EE699755 /* [CP] Check Pods Manifest.lock */,
				E497C7F425AD914700654C26 /* Sources */,
				E497C7F525AD914700654C26 /* Frameworks */,
				E497C7F625AD914700654C26 /* Resources */,
				FEE65EF31C956FAA1867C401 /* [CP] Embed Pods Frameworks */,
				5A37026DB30343145EBCFE8F /* [CP] Copy Pods Resources */,
			);
			buildRules = (
			);
			dependencies = (
			);
			name = PhotoBucketLab;
			productName = PhotoBucketLab;
			productReference = E497C7F825AD914700654C26 /* PhotoBucketLab.app */;
			productType = "com.apple.product-type.application";
		};
/* End PBXNativeTarget section */

/* Begin PBXProject section */
		E497C7F025AD914700654C26 /* Project object */ = {
			isa = PBXProject;
			attributes = {
				LastSwiftUpdateCheck = 1220;
				LastUpgradeCheck = 1220;
				TargetAttributes = {
					E497C7F725AD914700654C26 = {
						CreatedOnToolsVersion = 12.2;
					};
				};
			};
			buildConfigurationList = E497C7F325AD914700654C26 /* Build configuration list for PBXProject "PhotoBucketLab" */;
			compatibilityVersion = "Xcode 9.3";
			developmentRegion = en;
			hasScannedForEncodings = 0;
			knownRegions = (
				en,
				Base,
			);
			mainGroup = E497C7EF25AD914700654C26;
			productRefGroup = E497C7F925AD914700654C26 /* Products */;
			projectDirPath = "";
			projectRoot = "";
			targets = (
				E497C7F725AD914700654C26 /* PhotoBucketLab */,
			);
		};
/* End PBXProject section */

/* Begin PBXResourcesBuildPhase section */
		E497C7F625AD914700654C26 /* Resources */ = {
			isa = PBXResourcesBuildPhase;
			buildActionMask = 2147483647;
			files = (
				E497C80825AD914800654C26 /* LaunchScreen.storyboard in Resources */,
				E497C81D25ADA31600654C26 /* GoogleService-Info.plist in Resources */,
				E497C80525AD914800654C26 /* Assets.xcassets in Resources */,
				E497C80325AD914700654C26 /* Main.storyboard in Resources */,
			);
			runOnlyForDeploymentPostprocessing = 0;
		};
/* End PBXResourcesBuildPhase section */

/* Begin PBXShellScriptBuildPhase section */
		5A37026DB30343145EBCFE8F /* [CP] Copy Pods Resources */ = {
			isa = PBXShellScriptBuildPhase;
			buildActionMask = 2147483647;
			files = (
			);
			inputFileListPaths = (
				"${PODS_ROOT}/Target Support Files/Pods-PhotoBucketLab/Pods-PhotoBucketLab-resources-${CONFIGURATION}-input-files.xcfilelist",
			);
			name = "[CP] Copy Pods Resources";
			outputFileListPaths = (
				"${PODS_ROOT}/Target Support Files/Pods-PhotoBucketLab/Pods-PhotoBucketLab-resources-${CONFIGURATION}-output-files.xcfilelist",
			);
			runOnlyForDeploymentPostprocessing = 0;
			shellPath = /bin/sh;
			shellScript = "\"${PODS_ROOT}/Target Support Files/Pods-PhotoBucketLab/Pods-PhotoBucketLab-resources.sh\"\n";
			showEnvVarsInLog = 0;
		};
		BBCFEB5B8B69C8A0EE699755 /* [CP] Check Pods Manifest.lock */ = {
			isa = PBXShellScriptBuildPhase;
			buildActionMask = 2147483647;
			files = (
			);
			inputFileListPaths = (
			);
			inputPaths = (
				"${PODS_PODFILE_DIR_PATH}/Podfile.lock",
				"${PODS_ROOT}/Manifest.lock",
			);
			name = "[CP] Check Pods Manifest.lock";
			outputFileListPaths = (
			);
			outputPaths = (
				"$(DERIVED_FILE_DIR)/Pods-PhotoBucketLab-checkManifestLockResult.txt",
			);
			runOnlyForDeploymentPostprocessing = 0;
			shellPath = /bin/sh;
			shellScript = "diff \"${PODS_PODFILE_DIR_PATH}/Podfile.lock\" \"${PODS_ROOT}/Manifest.lock\" > /dev/null\nif [ $? != 0 ] ; then\n    # print error to STDERR\n    echo \"error: The sandbox is not in sync with the Podfile.lock. Run 'pod install' or update your CocoaPods installation.\" >&2\n    exit 1\nfi\n# This output is used by Xcode 'outputs' to avoid re-running this script phase.\necho \"SUCCESS\" > \"${SCRIPT_OUTPUT_FILE_0}\"\n";
			showEnvVarsInLog = 0;
		};
		FEE65EF31C956FAA1867C401 /* [CP] Embed Pods Frameworks */ = {
			isa = PBXShellScriptBuildPhase;
			buildActionMask = 2147483647;
			files = (
			);
			inputFileListPaths = (
				"${PODS_ROOT}/Target Support Files/Pods-PhotoBucketLab/Pods-PhotoBucketLab-frameworks-${CONFIGURATION}-input-files.xcfilelist",
			);
			name = "[CP] Embed Pods Frameworks";
			outputFileListPaths = (
				"${PODS_ROOT}/Target Support Files/Pods-PhotoBucketLab/Pods-PhotoBucketLab-frameworks-${CONFIGURATION}-output-files.xcfilelist",
			);
			runOnlyForDeploymentPostprocessing = 0;
			shellPath = /bin/sh;
			shellScript = "\"${PODS_ROOT}/Target Support Files/Pods-PhotoBucketLab/Pods-PhotoBucketLab-frameworks.sh\"\n";
			showEnvVarsInLog = 0;
		};
/* End PBXShellScriptBuildPhase section */

/* Begin PBXSourcesBuildPhase section */
		E497C7F425AD914700654C26 /* Sources */ = {
			isa = PBXSourcesBuildPhase;
			buildActionMask = 2147483647;
			files = (
				E494E9A225C1B3B8004DD607 /* SideNavViewController.swift in Sources */,
				E41778A325B1E29A004B3FD3 /* LoginViewController.swift in Sources */,
				E497C81625AD97FB00654C26 /* Photo.swift in Sources */,
				E497C81225AD927900654C26 /* PhotoBucketTableViewController.swift in Sources */,
				E497C7FC25AD914700654C26 /* AppDelegate.swift in Sources */,
				E497C7FE25AD914700654C26 /* SceneDelegate.swift in Sources */,
				E497C81925AD99DF00654C26 /* PhotoBucketDetailViewController.swift in Sources */,
				E494E9A525C1B975004DD607 /* ProfilePageViewController.swift in Sources */,
				E494E9AB25C1BCDF004DD607 /* UserManager.swift in Sources */,
				E494E9A825C1BBBB004DD607 /* Constants.swift in Sources */,
			);
			runOnlyForDeploymentPostprocessing = 0;
		};
/* End PBXSourcesBuildPhase section */

/* Begin PBXVariantGroup section */
		E497C80125AD914700654C26 /* Main.storyboard */ = {
			isa = PBXVariantGroup;
			children = (
				E497C80225AD914700654C26 /* Base */,
			);
			name = Main.storyboard;
			sourceTree = "<group>";
		};
		E497C80625AD914800654C26 /* LaunchScreen.storyboard */ = {
			isa = PBXVariantGroup;
			children = (
				E497C80725AD914800654C26 /* Base */,
			);
			name = LaunchScreen.storyboard;
			sourceTree = "<group>";
		};
/* End PBXVariantGroup section */

/* Begin XCBuildConfiguration section */
		E497C80A25AD914800654C26 /* Debug */ = {
			isa = XCBuildConfiguration;
			buildSettings = {
				ALWAYS_SEARCH_USER_PATHS = NO;
				CLANG_ANALYZER_NONNULL = YES;
				CLANG_ANALYZER_NUMBER_OBJECT_CONVERSION = YES_AGGRESSIVE;
				CLANG_CXX_LANGUAGE_STANDARD = "gnu++14";
				CLANG_CXX_LIBRARY = "libc++";
				CLANG_ENABLE_MODULES = YES;
				CLANG_ENABLE_OBJC_ARC = YES;
				CLANG_ENABLE_OBJC_WEAK = YES;
				CLANG_WARN_BLOCK_CAPTURE_AUTORELEASING = YES;
				CLANG_WARN_BOOL_CONVERSION = YES;
				CLANG_WARN_COMMA = YES;
				CLANG_WARN_CONSTANT_CONVERSION = YES;
				CLANG_WARN_DEPRECATED_OBJC_IMPLEMENTATIONS = YES;
				CLANG_WARN_DIRECT_OBJC_ISA_USAGE = YES_ERROR;
				CLANG_WARN_DOCUMENTATION_COMMENTS = YES;
				CLANG_WARN_EMPTY_BODY = YES;
				CLANG_WARN_ENUM_CONVERSION = YES;
				CLANG_WARN_INFINITE_RECURSION = YES;
				CLANG_WARN_INT_CONVERSION = YES;
				CLANG_WARN_NON_LITERAL_NULL_CONVERSION = YES;
				CLANG_WARN_OBJC_IMPLICIT_RETAIN_SELF = YES;
				CLANG_WARN_OBJC_LITERAL_CONVERSION = YES;
				CLANG_WARN_OBJC_ROOT_CLASS = YES_ERROR;
				CLANG_WARN_QUOTED_INCLUDE_IN_FRAMEWORK_HEADER = YES;
				CLANG_WARN_RANGE_LOOP_ANALYSIS = YES;
				CLANG_WARN_STRICT_PROTOTYPES = YES;
				CLANG_WARN_SUSPICIOUS_MOVE = YES;
				CLANG_WARN_UNGUARDED_AVAILABILITY = YES_AGGRESSIVE;
				CLANG_WARN_UNREACHABLE_CODE = YES;
				CLANG_WARN__DUPLICATE_METHOD_MATCH = YES;
				COPY_PHASE_STRIP = NO;
				DEBUG_INFORMATION_FORMAT = dwarf;
				ENABLE_STRICT_OBJC_MSGSEND = YES;
				ENABLE_TESTABILITY = YES;
				GCC_C_LANGUAGE_STANDARD = gnu11;
				GCC_DYNAMIC_NO_PIC = NO;
				GCC_NO_COMMON_BLOCKS = YES;
				GCC_OPTIMIZATION_LEVEL = 0;
				GCC_PREPROCESSOR_DEFINITIONS = (
					"DEBUG=1",
					"$(inherited)",
				);
				GCC_WARN_64_TO_32_BIT_CONVERSION = YES;
				GCC_WARN_ABOUT_RETURN_TYPE = YES_ERROR;
				GCC_WARN_UNDECLARED_SELECTOR = YES;
				GCC_WARN_UNINITIALIZED_AUTOS = YES_AGGRESSIVE;
				GCC_WARN_UNUSED_FUNCTION = YES;
				GCC_WARN_UNUSED_VARIABLE = YES;
				IPHONEOS_DEPLOYMENT_TARGET = 14.2;
				MTL_ENABLE_DEBUG_INFO = INCLUDE_SOURCE;
				MTL_FAST_MATH = YES;
				ONLY_ACTIVE_ARCH = YES;
				SDKROOT = iphoneos;
				SWIFT_ACTIVE_COMPILATION_CONDITIONS = DEBUG;
				SWIFT_OPTIMIZATION_LEVEL = "-Onone";
			};
			name = Debug;
		};
		E497C80B25AD914800654C26 /* Release */ = {
			isa = XCBuildConfiguration;
			buildSettings = {
				ALWAYS_SEARCH_USER_PATHS = NO;
				CLANG_ANALYZER_NONNULL = YES;
				CLANG_ANALYZER_NUMBER_OBJECT_CONVERSION = YES_AGGRESSIVE;
				CLANG_CXX_LANGUAGE_STANDARD = "gnu++14";
				CLANG_CXX_LIBRARY = "libc++";
				CLANG_ENABLE_MODULES = YES;
				CLANG_ENABLE_OBJC_ARC = YES;
				CLANG_ENABLE_OBJC_WEAK = YES;
				CLANG_WARN_BLOCK_CAPTURE_AUTORELEASING = YES;
				CLANG_WARN_BOOL_CONVERSION = YES;
				CLANG_WARN_COMMA = YES;
				CLANG_WARN_CONSTANT_CONVERSION = YES;
				CLANG_WARN_DEPRECATED_OBJC_IMPLEMENTATIONS = YES;
				CLANG_WARN_DIRECT_OBJC_ISA_USAGE = YES_ERROR;
				CLANG_WARN_DOCUMENTATION_COMMENTS = YES;
				CLANG_WARN_EMPTY_BODY = YES;
				CLANG_WARN_ENUM_CONVERSION = YES;
				CLANG_WARN_INFINITE_RECURSION = YES;
				CLANG_WARN_INT_CONVERSION = YES;
				CLANG_WARN_NON_LITERAL_NULL_CONVERSION = YES;
				CLANG_WARN_OBJC_IMPLICIT_RETAIN_SELF = YES;
				CLANG_WARN_OBJC_LITERAL_CONVERSION = YES;
				CLANG_WARN_OBJC_ROOT_CLASS = YES_ERROR;
				CLANG_WARN_QUOTED_INCLUDE_IN_FRAMEWORK_HEADER = YES;
				CLANG_WARN_RANGE_LOOP_ANALYSIS = YES;
				CLANG_WARN_STRICT_PROTOTYPES = YES;
				CLANG_WARN_SUSPICIOUS_MOVE = YES;
				CLANG_WARN_UNGUARDED_AVAILABILITY = YES_AGGRESSIVE;
				CLANG_WARN_UNREACHABLE_CODE = YES;
				CLANG_WARN__DUPLICATE_METHOD_MATCH = YES;
				COPY_PHASE_STRIP = NO;
				DEBUG_INFORMATION_FORMAT = "dwarf-with-dsym";
				ENABLE_NS_ASSERTIONS = NO;
				ENABLE_STRICT_OBJC_MSGSEND = YES;
				GCC_C_LANGUAGE_STANDARD = gnu11;
				GCC_NO_COMMON_BLOCKS = YES;
				GCC_WARN_64_TO_32_BIT_CONVERSION = YES;
				GCC_WARN_ABOUT_RETURN_TYPE = YES_ERROR;
				GCC_WARN_UNDECLARED_SELECTOR = YES;
				GCC_WARN_UNINITIALIZED_AUTOS = YES_AGGRESSIVE;
				GCC_WARN_UNUSED_FUNCTION = YES;
				GCC_WARN_UNUSED_VARIABLE = YES;
				IPHONEOS_DEPLOYMENT_TARGET = 14.2;
				MTL_ENABLE_DEBUG_INFO = NO;
				MTL_FAST_MATH = YES;
				SDKROOT = iphoneos;
				SWIFT_COMPILATION_MODE = wholemodule;
				SWIFT_OPTIMIZATION_LEVEL = "-O";
				VALIDATE_PRODUCT = YES;
			};
			name = Release;
		};
		E497C80D25AD914800654C26 /* Debug */ = {
			isa = XCBuildConfiguration;
			baseConfigurationReference = ADD09EF5C3BFE1E0DB840781 /* Pods-PhotoBucketLab.debug.xcconfig */;
			buildSettings = {
				ASSETCATALOG_COMPILER_APPICON_NAME = AppIcon;
				ASSETCATALOG_COMPILER_GLOBAL_ACCENT_COLOR_NAME = AccentColor;
				CODE_SIGN_STYLE = Automatic;
				DEVELOPMENT_TEAM = 9SAX8QHA7K;
				INFOPLIST_FILE = PhotoBucketLab/Info.plist;
				LD_RUNPATH_SEARCH_PATHS = (
					"$(inherited)",
					"@executable_path/Frameworks",
				);
				PRODUCT_BUNDLE_IDENTIFIER = "edu.rose-hulman.yangh6.PhotoBucketLab";
				PRODUCT_NAME = "$(TARGET_NAME)";
				SWIFT_VERSION = 5.0;
				TARGETED_DEVICE_FAMILY = "1,2";
			};
			name = Debug;
		};
		E497C80E25AD914800654C26 /* Release */ = {
			isa = XCBuildConfiguration;
			baseConfigurationReference = BFB26175F268D5C5753BB6C5 /* Pods-PhotoBucketLab.release.xcconfig */;
			buildSettings = {
				ASSETCATALOG_COMPILER_APPICON_NAME = AppIcon;
				ASSETCATALOG_COMPILER_GLOBAL_ACCENT_COLOR_NAME = AccentColor;
				CODE_SIGN_STYLE = Automatic;
				DEVELOPMENT_TEAM = 9SAX8QHA7K;
				INFOPLIST_FILE = PhotoBucketLab/Info.plist;
				LD_RUNPATH_SEARCH_PATHS = (
					"$(inherited)",
					"@executable_path/Frameworks",
				);
				PRODUCT_BUNDLE_IDENTIFIER = "edu.rose-hulman.yangh6.PhotoBucketLab";
				PRODUCT_NAME = "$(TARGET_NAME)";
				SWIFT_VERSION = 5.0;
				TARGETED_DEVICE_FAMILY = "1,2";
			};
			name = Release;
		};
/* End XCBuildConfiguration section */

/* Begin XCConfigurationList section */
		E497C7F325AD914700654C26 /* Build configuration list for PBXProject "PhotoBucketLab" */ = {
			isa = XCConfigurationList;
			buildConfigurations = (
				E497C80A25AD914800654C26 /* Debug */,
				E497C80B25AD914800654C26 /* Release */,
			);
			defaultConfigurationIsVisible = 0;
			defaultConfigurationName = Release;
		};
		E497C80C25AD914800654C26 /* Build configuration list for PBXNativeTarget "PhotoBucketLab" */ = {
			isa = XCConfigurationList;
			buildConfigurations = (
				E497C80D25AD914800654C26 /* Debug */,
				E497C80E25AD914800654C26 /* Release */,
			);
			defaultConfigurationIsVisible = 0;
			defaultConfigurationName = Release;
		};
/* End XCConfigurationList section */
	};
	rootObject = E497C7F025AD914700654C26 /* Project object */;
}
